
Microsoft Visual Studio Solution File, Format Version 12.00
# Visual Studio Version 17
VisualStudioVersion = 17.12.35527.113 d17.12
MinimumVisualStudioVersion = 10.0.40219.1
Project("{FAE04EC0-301F-11D3-BF4B-00C04F79EFBC}") = "MyVetApp.Common", "MyVetApp.Common\MyVetApp.Common.csproj", "{CD06BCC8-8102-4196-8577-0640607DC862}"
EndProject
Project("{FAE04EC0-301F-11D3-BF4B-00C04F79EFBC}") = "MyVetApp.Web", "MyVetApp.Web\MyVetApp.Web.csproj", "{6C28327D-D1B1-405E-B5BD-BFC87A165C50}"
EndProject
Global
	GlobalSection(SolutionConfigurationPlatforms) = preSolution
		Debug|Any CPU = Debug|Any CPU
		Release|Any CPU = Release|Any CPU
	EndGlobalSection
	GlobalSection(ProjectConfigurationPlatforms) = postSolution
		{CD06BCC8-8102-4196-8577-0640607DC862}.Debug|Any CPU.ActiveCfg = Debug|Any CPU
		{CD06BCC8-8102-4196-8577-0640607DC862}.Debug|Any CPU.Build.0 = Debug|Any CPU
		{CD06BCC8-8102-4196-8577-0640607DC862}.Release|Any CPU.ActiveCfg = Release|Any CPU
		{CD06BCC8-8102-4196-8577-0640607DC862}.Release|Any CPU.Build.0 = Release|Any CPU
		{6C28327D-D1B1-405E-B5BD-BFC87A165C50}.Debug|Any CPU.ActiveCfg = Debug|Any CPU
		{6C28327D-D1B1-405E-B5BD-BFC87A165C50}.Debug|Any CPU.Build.0 = Debug|Any CPU
		{6C28327D-D1B1-405E-B5BD-BFC87A165C50}.Release|Any CPU.ActiveCfg = Release|Any CPU
		{6C28327D-D1B1-405E-B5BD-BFC87A165C50}.Release|Any CPU.Build.0 = Release|Any CPU
	EndGlobalSection
	GlobalSection(SolutionProperties) = preSolution
		HideSolutionNode = FALSE
	EndGlobalSection
EndGlobal
